
Microsoft Visual Studio Solution File, Format Version 12.00
# Visual Studio Version 17
VisualStudioVersion = 17.5.33530.505
MinimumVisualStudioVersion = 10.0.40219.1
Project("{FAE04EC0-301F-11D3-BF4B-00C04F79EFBC}") = "rickandmorty", "rickandmorty\rickandmorty.csproj", "{129940F2-6A7A-4A15-92A4-FB2A6D7C127C}"
EndProject
Global
	GlobalSection(SolutionConfigurationPlatforms) = preSolution
		Debug|Any CPU = Debug|Any CPU
		Release|Any CPU = Release|Any CPU
	EndGlobalSection
	GlobalSection(ProjectConfigurationPlatforms) = postSolution
		{129940F2-6A7A-4A15-92A4-FB2A6D7C127C}.Debug|Any CPU.ActiveCfg = Debug|Any CPU
		{129940F2-6A7A-4A15-92A4-FB2A6D7C127C}.Debug|Any CPU.Build.0 = Debug|Any CPU
		{129940F2-6A7A-4A15-92A4-FB2A6D7C127C}.Release|Any CPU.ActiveCfg = Release|Any CPU
		{129940F2-6A7A-4A15-92A4-FB2A6D7C127C}.Release|Any CPU.Build.0 = Release|Any CPU
	EndGlobalSection
	GlobalSection(SolutionProperties) = preSolution
		HideSolutionNode = FALSE
	EndGlobalSection
	GlobalSection(ExtensibilityGlobals) = postSolution
		SolutionGuid = {633CB5E5-0D5B-4546-B945-5AD2D6F41DC7}
	EndGlobalSection
EndGlobal
